
Microsoft Visual Studio Solution File, Format Version 12.00
# Visual Studio 15
VisualStudioVersion = 15.0.33026.149
MinimumVisualStudioVersion = 10.0.40219.1
Project("{8BC9CEB8-8B4A-11D0-8D11-00A0C91BC942}") = "EmscriptenTest", "EmscriptenTest\EmscriptenTest.vcxproj", "{A18EC070-F9EF-4A3E-9378-4AF2CE212BAF}"
EndProject
Global
	GlobalSection(SolutionConfigurationPlatforms) = preSolution
		Debug|Emscripten = Debug|Emscripten
		Debug|x64 = Debug|x64
		Debug|x86 = Debug|x86
		Release|Emscripten = Release|Emscripten
		Release|x64 = Release|x64
		Release|x86 = Release|x86
	EndGlobalSection
	GlobalSection(ProjectConfigurationPlatforms) = postSolution
		{A18EC070-F9EF-4A3E-9378-4AF2CE212BAF}.Debug|Emscripten.ActiveCfg = Debug|Emscripten
		{A18EC070-F9EF-4A3E-9378-4AF2CE212BAF}.Debug|Emscripten.Build.0 = Debug|Emscripten
		{A18EC070-F9EF-4A3E-9378-4AF2CE212BAF}.Debug|x64.ActiveCfg = Debug|x64
		{A18EC070-F9EF-4A3E-9378-4AF2CE212BAF}.Debug|x64.Build.0 = Debug|x64
		{A18EC070-F9EF-4A3E-9378-4AF2CE212BAF}.Debug|x86.ActiveCfg = Debug|Win32
		{A18EC070-F9EF-4A3E-9378-4AF2CE212BAF}.Debug|x86.Build.0 = Debug|Win32
		{A18EC070-F9EF-4A3E-9378-4AF2CE212BAF}.Release|Emscripten.ActiveCfg = Release|Emscripten
		{A18EC070-F9EF-4A3E-9378-4AF2CE212BAF}.Release|Emscripten.Build.0 = Release|Emscripten
		{A18EC070-F9EF-4A3E-9378-4AF2CE212BAF}.Release|x64.ActiveCfg = Release|x64
		{A18EC070-F9EF-4A3E-9378-4AF2CE212BAF}.Release|x64.Build.0 = Release|x64
		{A18EC070-F9EF-4A3E-9378-4AF2CE212BAF}.Release|x86.ActiveCfg = Release|Win32
		{A18EC070-F9EF-4A3E-9378-4AF2CE212BAF}.Release|x86.Build.0 = Release|Win32
	EndGlobalSection
	GlobalSection(SolutionProperties) = preSolution
		HideSolutionNode = FALSE
	EndGlobalSection
	GlobalSection(ExtensibilityGlobals) = postSolution
		SolutionGuid = {F1AE3ADA-27F6-43EA-9402-C5B25BCC8C0B}
	EndGlobalSection
EndGlobal
